
Microsoft Visual Studio Solution File, Format Version 12.00
# Visual Studio 2013
VisualStudioVersion = 12.0.31101.0
MinimumVisualStudioVersion = 10.0.40219.1
Project("{FAE04EC0-301F-11D3-BF4B-00C04F79EFBC}") = "JetBlack.Examples.RxConsoleApp1", "JetBlack.Examples.RxConsoleApp1\JetBlack.Examples.RxConsoleApp1.csproj", "{702ED2F1-68AE-47AD-AF8F-589CB92E2DE6}"
EndProject
Project("{FAE04EC0-301F-11D3-BF4B-00C04F79EFBC}") = "JetBlack.Examples.EchoClient", "JetBlack.Examples.EchoClient\JetBlack.Examples.EchoClient.csproj", "{E557370D-E910-4F89-9EF0-6C1B02BCBE85}"
EndProject
Project("{FAE04EC0-301F-11D3-BF4B-00C04F79EFBC}") = "JetBlack.Examples.EchoServer", "JetBlack.Examples.EchoServer\JetBlack.Examples.EchoServer.csproj", "{F6EDA2F3-1D32-48C4-8461-BBC8D98C8B5F}"
EndProject
Project("{FAE04EC0-301F-11D3-BF4B-00C04F79EFBC}") = "JetBlack.Examples.EchoClient2", "JetBlack.Examples.EchoClient2\JetBlack.Examples.EchoClient2.csproj", "{C9D7E53D-0898-41B5-9E34-7E113F9077D0}"
EndProject
Project("{FAE04EC0-301F-11D3-BF4B-00C04F79EFBC}") = "JetBlack.Examples.EchoServer2", "JetBlack.Examples.EchoServer2\JetBlack.Examples.EchoServer2.csproj", "{20B5BB67-5972-49C3-86EA-374A29648EA3}"
EndProject
Project("{FAE04EC0-301F-11D3-BF4B-00C04F79EFBC}") = "JetBlack.Examples.EchoClient3", "JetBlack.Examples.EchoClient3\JetBlack.Examples.EchoClient3.csproj", "{F2AA983B-AFD5-4CD9-8E33-D1A97113CF65}"
EndProject
Project("{FAE04EC0-301F-11D3-BF4B-00C04F79EFBC}") = "JetBlack.Examples.RxConsoleApp2", "JetBlack.Examples.RxConsoleApp2\JetBlack.Examples.RxConsoleApp2.csproj", "{4D4CFCD3-6732-44EF-AB65-BFF01F9A9176}"
EndProject
Project("{FAE04EC0-301F-11D3-BF4B-00C04F79EFBC}") = "JetBlack.Examples.NetworkClient1", "JetBlack.Examples.NetworkClient1\JetBlack.Examples.NetworkClient1.csproj", "{4F65D5DE-5E5D-4239-9EDF-16850F7900A3}"
EndProject
Project("{FAE04EC0-301F-11D3-BF4B-00C04F79EFBC}") = "JetBlack.Examples.NetworkClient2", "JetBlack.Examples.NetworkClient2\JetBlack.Examples.NetworkClient2.csproj", "{6196C31A-EDA0-4672-8E3C-CE86CDDFE370}"
EndProject
Project("{FAE04EC0-301F-11D3-BF4B-00C04F79EFBC}") = "JetBlack.Examples.NetworkClient3", "JetBlack.Examples.NetworkClient3\JetBlack.Examples.NetworkClient3.csproj", "{492BAE48-33EE-4AA0-B3A3-9D1BC6814927}"
EndProject
Project("{FAE04EC0-301F-11D3-BF4B-00C04F79EFBC}") = "JetBlack.Examples.NetworkServer1", "JetBlack.Examples.NetworkServer1\JetBlack.Examples.NetworkServer1.csproj", "{A3F39805-AD14-4E8A-BD4E-330641E79368}"
EndProject
Global
	GlobalSection(SolutionConfigurationPlatforms) = preSolution
		Debug|Any CPU = Debug|Any CPU
		Debug|Mixed Platforms = Debug|Mixed Platforms
		Debug|x86 = Debug|x86
		Release|Any CPU = Release|Any CPU
		Release|Mixed Platforms = Release|Mixed Platforms
		Release|x86 = Release|x86
	EndGlobalSection
	GlobalSection(ProjectConfigurationPlatforms) = postSolution
		{702ED2F1-68AE-47AD-AF8F-589CB92E2DE6}.Debug|Any CPU.ActiveCfg = Debug|x86
		{702ED2F1-68AE-47AD-AF8F-589CB92E2DE6}.Debug|Mixed Platforms.ActiveCfg = Debug|x86
		{702ED2F1-68AE-47AD-AF8F-589CB92E2DE6}.Debug|Mixed Platforms.Build.0 = Debug|x86
		{702ED2F1-68AE-47AD-AF8F-589CB92E2DE6}.Debug|x86.ActiveCfg = Debug|x86
		{702ED2F1-68AE-47AD-AF8F-589CB92E2DE6}.Debug|x86.Build.0 = Debug|x86
		{702ED2F1-68AE-47AD-AF8F-589CB92E2DE6}.Release|Any CPU.ActiveCfg = Release|x86
		{702ED2F1-68AE-47AD-AF8F-589CB92E2DE6}.Release|Mixed Platforms.ActiveCfg = Release|x86
		{702ED2F1-68AE-47AD-AF8F-589CB92E2DE6}.Release|Mixed Platforms.Build.0 = Release|x86
		{702ED2F1-68AE-47AD-AF8F-589CB92E2DE6}.Release|x86.ActiveCfg = Release|x86
		{702ED2F1-68AE-47AD-AF8F-589CB92E2DE6}.Release|x86.Build.0 = Release|x86
		{E557370D-E910-4F89-9EF0-6C1B02BCBE85}.Debug|Any CPU.ActiveCfg = Debug|x86
		{E557370D-E910-4F89-9EF0-6C1B02BCBE85}.Debug|Mixed Platforms.ActiveCfg = Debug|x86
		{E557370D-E910-4F89-9EF0-6C1B02BCBE85}.Debug|Mixed Platforms.Build.0 = Debug|x86
		{E557370D-E910-4F89-9EF0-6C1B02BCBE85}.Debug|x86.ActiveCfg = Debug|x86
		{E557370D-E910-4F89-9EF0-6C1B02BCBE85}.Debug|x86.Build.0 = Debug|x86
		{E557370D-E910-4F89-9EF0-6C1B02BCBE85}.Release|Any CPU.ActiveCfg = Release|x86
		{E557370D-E910-4F89-9EF0-6C1B02BCBE85}.Release|Mixed Platforms.ActiveCfg = Release|x86
		{E557370D-E910-4F89-9EF0-6C1B02BCBE85}.Release|Mixed Platforms.Build.0 = Release|x86
		{E557370D-E910-4F89-9EF0-6C1B02BCBE85}.Release|x86.ActiveCfg = Release|x86
		{E557370D-E910-4F89-9EF0-6C1B02BCBE85}.Release|x86.Build.0 = Release|x86
		{F6EDA2F3-1D32-48C4-8461-BBC8D98C8B5F}.Debug|Any CPU.ActiveCfg = Debug|x86
		{F6EDA2F3-1D32-48C4-8461-BBC8D98C8B5F}.Debug|Mixed Platforms.ActiveCfg = Debug|x86
		{F6EDA2F3-1D32-48C4-8461-BBC8D98C8B5F}.Debug|Mixed Platforms.Build.0 = Debug|x86
		{F6EDA2F3-1D32-48C4-8461-BBC8D98C8B5F}.Debug|x86.ActiveCfg = Debug|x86
		{F6EDA2F3-1D32-48C4-8461-BBC8D98C8B5F}.Debug|x86.Build.0 = Debug|x86
		{F6EDA2F3-1D32-48C4-8461-BBC8D98C8B5F}.Release|Any CPU.ActiveCfg = Release|x86
		{F6EDA2F3-1D32-48C4-8461-BBC8D98C8B5F}.Release|Mixed Platforms.ActiveCfg = Release|x86
		{F6EDA2F3-1D32-48C4-8461-BBC8D98C8B5F}.Release|Mixed Platforms.Build.0 = Release|x86
		{F6EDA2F3-1D32-48C4-8461-BBC8D98C8B5F}.Release|x86.ActiveCfg = Release|x86
		{F6EDA2F3-1D32-48C4-8461-BBC8D98C8B5F}.Release|x86.Build.0 = Release|x86
		{C9D7E53D-0898-41B5-9E34-7E113F9077D0}.Debug|Any CPU.ActiveCfg = Debug|Any CPU
		{C9D7E53D-0898-41B5-9E34-7E113F9077D0}.Debug|Any CPU.Build.0 = Debug|Any CPU
		{C9D7E53D-0898-41B5-9E34-7E113F9077D0}.Debug|Mixed Platforms.ActiveCfg = Debug|Any CPU
		{C9D7E53D-0898-41B5-9E34-7E113F9077D0}.Debug|Mixed Platforms.Build.0 = Debug|Any CPU
		{C9D7E53D-0898-41B5-9E34-7E113F9077D0}.Debug|x86.ActiveCfg = Debug|Any CPU
		{C9D7E53D-0898-41B5-9E34-7E113F9077D0}.Release|Any CPU.ActiveCfg = Release|Any CPU
		{C9D7E53D-0898-41B5-9E34-7E113F9077D0}.Release|Any CPU.Build.0 = Release|Any CPU
		{C9D7E53D-0898-41B5-9E34-7E113F9077D0}.Release|Mixed Platforms.ActiveCfg = Release|Any CPU
		{C9D7E53D-0898-41B5-9E34-7E113F9077D0}.Release|Mixed Platforms.Build.0 = Release|Any CPU
		{C9D7E53D-0898-41B5-9E34-7E113F9077D0}.Release|x86.ActiveCfg = Release|Any CPU
		{20B5BB67-5972-49C3-86EA-374A29648EA3}.Debug|Any CPU.ActiveCfg = Debug|Any CPU
		{20B5BB67-5972-49C3-86EA-374A29648EA3}.Debug|Any CPU.Build.0 = Debug|Any CPU
		{20B5BB67-5972-49C3-86EA-374A29648EA3}.Debug|Mixed Platforms.ActiveCfg = Debug|Any CPU
		{20B5BB67-5972-49C3-86EA-374A29648EA3}.Debug|Mixed Platforms.Build.0 = Debug|Any CPU
		{20B5BB67-5972-49C3-86EA-374A29648EA3}.Debug|x86.ActiveCfg = Debug|Any CPU
		{20B5BB67-5972-49C3-86EA-374A29648EA3}.Release|Any CPU.ActiveCfg = Release|Any CPU
		{20B5BB67-5972-49C3-86EA-374A29648EA3}.Release|Any CPU.Build.0 = Release|Any CPU
		{20B5BB67-5972-49C3-86EA-374A29648EA3}.Release|Mixed Platforms.ActiveCfg = Release|Any CPU
		{20B5BB67-5972-49C3-86EA-374A29648EA3}.Release|Mixed Platforms.Build.0 = Release|Any CPU
		{20B5BB67-5972-49C3-86EA-374A29648EA3}.Release|x86.ActiveCfg = Release|Any CPU
		{F2AA983B-AFD5-4CD9-8E33-D1A97113CF65}.Debug|Any CPU.ActiveCfg = Debug|Any CPU
		{F2AA983B-AFD5-4CD9-8E33-D1A97113CF65}.Debug|Any CPU.Build.0 = Debug|Any CPU
		{F2AA983B-AFD5-4CD9-8E33-D1A97113CF65}.Debug|Mixed Platforms.ActiveCfg = Debug|Any CPU
		{F2AA983B-AFD5-4CD9-8E33-D1A97113CF65}.Debug|Mixed Platforms.Build.0 = Debug|Any CPU
		{F2AA983B-AFD5-4CD9-8E33-D1A97113CF65}.Debug|x86.ActiveCfg = Debug|Any CPU
		{F2AA983B-AFD5-4CD9-8E33-D1A97113CF65}.Release|Any CPU.ActiveCfg = Release|Any CPU
		{F2AA983B-AFD5-4CD9-8E33-D1A97113CF65}.Release|Any CPU.Build.0 = Release|Any CPU
		{F2AA983B-AFD5-4CD9-8E33-D1A97113CF65}.Release|Mixed Platforms.ActiveCfg = Release|Any CPU
		{F2AA983B-AFD5-4CD9-8E33-D1A97113CF65}.Release|Mixed Platforms.Build.0 = Release|Any CPU
		{F2AA983B-AFD5-4CD9-8E33-D1A97113CF65}.Release|x86.ActiveCfg = Release|Any CPU
		{4D4CFCD3-6732-44EF-AB65-BFF01F9A9176}.Debug|Any CPU.ActiveCfg = Debug|Any CPU
		{4D4CFCD3-6732-44EF-AB65-BFF01F9A9176}.Debug|Any CPU.Build.0 = Debug|Any CPU
		{4D4CFCD3-6732-44EF-AB65-BFF01F9A9176}.Debug|Mixed Platforms.ActiveCfg = Debug|Any CPU
		{4D4CFCD3-6732-44EF-AB65-BFF01F9A9176}.Debug|Mixed Platforms.Build.0 = Debug|Any CPU
		{4D4CFCD3-6732-44EF-AB65-BFF01F9A9176}.Debug|x86.ActiveCfg = Debug|Any CPU
		{4D4CFCD3-6732-44EF-AB65-BFF01F9A9176}.Release|Any CPU.ActiveCfg = Release|Any CPU
		{4D4CFCD3-6732-44EF-AB65-BFF01F9A9176}.Release|Any CPU.Build.0 = Release|Any CPU
		{4D4CFCD3-6732-44EF-AB65-BFF01F9A9176}.Release|Mixed Platforms.ActiveCfg = Release|Any CPU
		{4D4CFCD3-6732-44EF-AB65-BFF01F9A9176}.Release|Mixed Platforms.Build.0 = Release|Any CPU
		{4D4CFCD3-6732-44EF-AB65-BFF01F9A9176}.Release|x86.ActiveCfg = Release|Any CPU
		{4F65D5DE-5E5D-4239-9EDF-16850F7900A3}.Debug|Any CPU.ActiveCfg = Debug|Any CPU
		{4F65D5DE-5E5D-4239-9EDF-16850F7900A3}.Debug|Any CPU.Build.0 = Debug|Any CPU
		{4F65D5DE-5E5D-4239-9EDF-16850F7900A3}.Debug|Mixed Platforms.ActiveCfg = Debug|Any CPU
		{4F65D5DE-5E5D-4239-9EDF-16850F7900A3}.Debug|Mixed Platforms.Build.0 = Debug|Any CPU
		{4F65D5DE-5E5D-4239-9EDF-16850F7900A3}.Debug|x86.ActiveCfg = Debug|Any CPU
		{4F65D5DE-5E5D-4239-9EDF-16850F7900A3}.Release|Any CPU.ActiveCfg = Release|Any CPU
		{4F65D5DE-5E5D-4239-9EDF-16850F7900A3}.Release|Any CPU.Build.0 = Release|Any CPU
		{4F65D5DE-5E5D-4239-9EDF-16850F7900A3}.Release|Mixed Platforms.ActiveCfg = Release|Any CPU
		{4F65D5DE-5E5D-4239-9EDF-16850F7900A3}.Release|Mixed Platforms.Build.0 = Release|Any CPU
		{4F65D5DE-5E5D-4239-9EDF-16850F7900A3}.Release|x86.ActiveCfg = Release|Any CPU
		{6196C31A-EDA0-4672-8E3C-CE86CDDFE370}.Debug|Any CPU.ActiveCfg = Debug|Any CPU
		{6196C31A-EDA0-4672-8E3C-CE86CDDFE370}.Debug|Any CPU.Build.0 = Debug|Any CPU
		{6196C31A-EDA0-4672-8E3C-CE86CDDFE370}.Debug|Mixed Platforms.ActiveCfg = Debug|Any CPU
		{6196C31A-EDA0-4672-8E3C-CE86CDDFE370}.Debug|Mixed Platforms.Build.0 = Debug|Any CPU
		{6196C31A-EDA0-4672-8E3C-CE86CDDFE370}.Debug|x86.ActiveCfg = Debug|Any CPU
		{6196C31A-EDA0-4672-8E3C-CE86CDDFE370}.Release|Any CPU.ActiveCfg = Release|Any CPU
		{6196C31A-EDA0-4672-8E3C-CE86CDDFE370}.Release|Any CPU.Build.0 = Release|Any CPU
		{6196C31A-EDA0-4672-8E3C-CE86CDDFE370}.Release|Mixed Platforms.ActiveCfg = Release|Any CPU
		{6196C31A-EDA0-4672-8E3C-CE86CDDFE370}.Release|Mixed Platforms.Build.0 = Release|Any CPU
		{6196C31A-EDA0-4672-8E3C-CE86CDDFE370}.Release|x86.ActiveCfg = Release|Any CPU
		{492BAE48-33EE-4AA0-B3A3-9D1BC6814927}.Debug|Any CPU.ActiveCfg = Debug|Any CPU
		{492BAE48-33EE-4AA0-B3A3-9D1BC6814927}.Debug|Any CPU.Build.0 = Debug|Any CPU
		{492BAE48-33EE-4AA0-B3A3-9D1BC6814927}.Debug|Mixed Platforms.ActiveCfg = Debug|Any CPU
		{492BAE48-33EE-4AA0-B3A3-9D1BC6814927}.Debug|Mixed Platforms.Build.0 = Debug|Any CPU
		{492BAE48-33EE-4AA0-B3A3-9D1BC6814927}.Debug|x86.ActiveCfg = Debug|Any CPU
		{492BAE48-33EE-4AA0-B3A3-9D1BC6814927}.Release|Any CPU.ActiveCfg = Release|Any CPU
		{492BAE48-33EE-4AA0-B3A3-9D1BC6814927}.Release|Any CPU.Build.0 = Release|Any CPU
		{492BAE48-33EE-4AA0-B3A3-9D1BC6814927}.Release|Mixed Platforms.ActiveCfg = Release|Any CPU
		{492BAE48-33EE-4AA0-B3A3-9D1BC6814927}.Release|Mixed Platforms.Build.0 = Release|Any CPU
		{492BAE48-33EE-4AA0-B3A3-9D1BC6814927}.Release|x86.ActiveCfg = Release|Any CPU
		{A3F39805-AD14-4E8A-BD4E-330641E79368}.Debug|Any CPU.ActiveCfg = Debug|Any CPU
		{A3F39805-AD14-4E8A-BD4E-330641E79368}.Debug|Any CPU.Build.0 = Debug|Any CPU
		{A3F39805-AD14-4E8A-BD4E-330641E79368}.Debug|Mixed Platforms.ActiveCfg = Debug|Any CPU
		{A3F39805-AD14-4E8A-BD4E-330641E79368}.Debug|Mixed Platforms.Build.0 = Debug|Any CPU
		{A3F39805-AD14-4E8A-BD4E-330641E79368}.Debug|x86.ActiveCfg = Debug|Any CPU
		{A3F39805-AD14-4E8A-BD4E-330641E79368}.Release|Any CPU.ActiveCfg = Release|Any CPU
		{A3F39805-AD14-4E8A-BD4E-330641E79368}.Release|Any CPU.Build.0 = Release|Any CPU
		{A3F39805-AD14-4E8A-BD4E-330641E79368}.Release|Mixed Platforms.ActiveCfg = Release|Any CPU
		{A3F39805-AD14-4E8A-BD4E-330641E79368}.Release|Mixed Platforms.Build.0 = Release|Any CPU
		{A3F39805-AD14-4E8A-BD4E-330641E79368}.Release|x86.ActiveCfg = Release|Any CPU
	EndGlobalSection
	GlobalSection(SolutionProperties) = preSolution
		HideSolutionNode = FALSE
	EndGlobalSection
EndGlobal
